
Microsoft Visual Studio Solution File, Format Version 12.00
# Visual Studio Version 17
VisualStudioVersion = 17.9.34902.65
MinimumVisualStudioVersion = 10.0.40219.1
Project("{FAE04EC0-301F-11D3-BF4B-00C04F79EFBC}") = "GlobalE.BL", "GlobalE.BL\GlobalE.BL.csproj", "{53754408-D0FB-4A08-A30C-86A41B3A7B6C}"
EndProject
Project("{FAE04EC0-301F-11D3-BF4B-00C04F79EFBC}") = "GlobalE.API", "GlobalE.API\GlobalE.API.csproj", "{DA69E5C3-101A-43DA-887A-8D067B78C747}"
EndProject
Project("{FAE04EC0-301F-11D3-BF4B-00C04F79EFBC}") = "GlobalE.Test", "GlobalE.Test\GlobalE.Test.csproj", "{D45A7C52-5908-4032-9073-69876E62F20A}"
EndProject
Global
	GlobalSection(SolutionConfigurationPlatforms) = preSolution
		Debug|Any CPU = Debug|Any CPU
		Release|Any CPU = Release|Any CPU
	EndGlobalSection
	GlobalSection(ProjectConfigurationPlatforms) = postSolution
		{53754408-D0FB-4A08-A30C-86A41B3A7B6C}.Debug|Any CPU.ActiveCfg = Debug|Any CPU
		{53754408-D0FB-4A08-A30C-86A41B3A7B6C}.Debug|Any CPU.Build.0 = Debug|Any CPU
		{53754408-D0FB-4A08-A30C-86A41B3A7B6C}.Release|Any CPU.ActiveCfg = Release|Any CPU
		{53754408-D0FB-4A08-A30C-86A41B3A7B6C}.Release|Any CPU.Build.0 = Release|Any CPU
		{DA69E5C3-101A-43DA-887A-8D067B78C747}.Debug|Any CPU.ActiveCfg = Debug|Any CPU
		{DA69E5C3-101A-43DA-887A-8D067B78C747}.Debug|Any CPU.Build.0 = Debug|Any CPU
		{DA69E5C3-101A-43DA-887A-8D067B78C747}.Release|Any CPU.ActiveCfg = Release|Any CPU
		{DA69E5C3-101A-43DA-887A-8D067B78C747}.Release|Any CPU.Build.0 = Release|Any CPU
		{D45A7C52-5908-4032-9073-69876E62F20A}.Debug|Any CPU.ActiveCfg = Debug|Any CPU
		{D45A7C52-5908-4032-9073-69876E62F20A}.Debug|Any CPU.Build.0 = Debug|Any CPU
		{D45A7C52-5908-4032-9073-69876E62F20A}.Release|Any CPU.ActiveCfg = Release|Any CPU
		{D45A7C52-5908-4032-9073-69876E62F20A}.Release|Any CPU.Build.0 = Release|Any CPU
	EndGlobalSection
	GlobalSection(SolutionProperties) = preSolution
		HideSolutionNode = FALSE
	EndGlobalSection
	GlobalSection(ExtensibilityGlobals) = postSolution
		SolutionGuid = {68720298-6E96-472D-A037-D75A697DA411}
	EndGlobalSection
EndGlobal
